
Microsoft Visual Studio Solution File, Format Version 12.00
# Visual Studio Version 17
VisualStudioVersion = 17.11.35222.181
MinimumVisualStudioVersion = 10.0.40219.1
Project("{FAE04EC0-301F-11D3-BF4B-00C04F79EFBC}") = "etity", "etity\etity.csproj", "{2744398A-ABEE-465E-8A5F-5736580CEA67}"
EndProject
Global
	GlobalSection(SolutionConfigurationPlatforms) = preSolution
		Debug|Any CPU = Debug|Any CPU
		Release|Any CPU = Release|Any CPU
	EndGlobalSection
	GlobalSection(ProjectConfigurationPlatforms) = postSolution
		{2744398A-ABEE-465E-8A5F-5736580CEA67}.Debug|Any CPU.ActiveCfg = Debug|Any CPU
		{2744398A-ABEE-465E-8A5F-5736580CEA67}.Debug|Any CPU.Build.0 = Debug|Any CPU
		{2744398A-ABEE-465E-8A5F-5736580CEA67}.Release|Any CPU.ActiveCfg = Release|Any CPU
		{2744398A-ABEE-465E-8A5F-5736580CEA67}.Release|Any CPU.Build.0 = Release|Any CPU
	EndGlobalSection
	GlobalSection(SolutionProperties) = preSolution
		HideSolutionNode = FALSE
	EndGlobalSection
	GlobalSection(ExtensibilityGlobals) = postSolution
		SolutionGuid = {968E5E99-BA8A-478B-B186-7FFFD72C11C6}
	EndGlobalSection
EndGlobal
